# THIS IS AN AUTOGENERATED FILE. DO NOT EDIT THIS FILE DIRECTLY.
# yarn lockfile v1


"@ontologies/core@1.5.2-strict-13":
  version "1.5.2-strict-13"
  resolved "https://registry.yarnpkg.com/@ontologies/core/-/core-1.5.2-strict-13.tgz#bbbbb3346adf49fa86868b9af8eb263ffce1eec3"
  integrity sha512-s4rIxysPnfFbJ4GQdF9KEQbCz5zO5DEBQnCODaChzCoOZ2jAtesvtbF+7fxg8r8CMkqobG/EDyWMJ0qKBbsjKQ==
  dependencies:
    "@ungap/global-this" "^0.3.1"

"@ungap/global-this@^0.3.1":
  version "0.3.1"
  resolved "https://registry.yarnpkg.com/@ungap/global-this/-/global-this-0.3.1.tgz#e37e005301c64484a61eed90305210bf078a4bc5"
  integrity sha512-6gxLxSsXmt3XcC2p0mRjeHOtZemfs/IswAyWJZU0b8UvCQAegRpjSrQK0Y+u3OQQ3V0ZYQkHVCV9V3dxnlJ5Zw==

murmurhash-js@^1.0.0:
  version "1.0.0"
  resolved "https://registry.yarnpkg.com/murmurhash-js/-/murmurhash-js-1.0.0.tgz#b06278e21fc6c37fa5313732b0412bcb6ae15f51"
  integrity sha1-sGJ44h/Gw3+lMTcysEEry2rhX1E=

typescript@^3.6.4:
  version "3.6.4"
  resolved "https://registry.yarnpkg.com/typescript/-/typescript-3.6.4.tgz#b18752bb3792bc1a0281335f7f6ebf1bbfc5b91d"
  integrity sha512-unoCll1+l+YK4i4F8f22TaNVPRHcD9PA3yCuZ8g5e0qGqlVlJ/8FSateOLLSagn+Yg5+ZwuPkL8LFUc0Jcvksg==
