# THIS IS AN AUTOGENERATED FILE. DO NOT EDIT THIS FILE DIRECTLY.
# yarn lockfile v1


"@ontologies/core@1.5.2-strict-20":
  version "1.5.2-strict-20"
  resolved "https://registry.yarnpkg.com/@ontologies/core/-/core-1.5.2-strict-20.tgz#60ad96c2748446281c16004170e7c9dee9d80f8b"
  integrity sha512-1u6sgoT4EvcaRtfGnM9lyAa9BE6xtyg3Mqzk430R5f/vztU+fOc8nTKmlV8KIRxowzKZi124EJ76pI9cFk+8Fg==
  dependencies:
    "@ungap/global-this" "^0.3.1"

"@ungap/global-this@^0.3.1":
  version "0.3.1"
  resolved "https://registry.yarnpkg.com/@ungap/global-this/-/global-this-0.3.1.tgz#e37e005301c64484a61eed90305210bf078a4bc5"
  integrity sha512-6gxLxSsXmt3XcC2p0mRjeHOtZemfs/IswAyWJZU0b8UvCQAegRpjSrQK0Y+u3OQQ3V0ZYQkHVCV9V3dxnlJ5Zw==

murmurhash-js@^1.0.0:
  version "1.0.0"
  resolved "https://registry.yarnpkg.com/murmurhash-js/-/murmurhash-js-1.0.0.tgz#b06278e21fc6c37fa5313732b0412bcb6ae15f51"
  integrity sha1-sGJ44h/Gw3+lMTcysEEry2rhX1E=

typescript@^3.7.2:
  version "3.7.2"
  resolved "https://registry.yarnpkg.com/typescript/-/typescript-3.7.2.tgz#27e489b95fa5909445e9fef5ee48d81697ad18fb"
  integrity sha512-ml7V7JfiN2Xwvcer+XAf2csGO1bPBdRbFCkYBczNZggrBZ9c7G3riSUeJmqEU5uOtXNPMhE3n+R4FA/3YOAWOQ==
